# THIS IS AN AUTOGENERATED FILE. DO NOT EDIT THIS FILE DIRECTLY.
# yarn lockfile v1


three@^0.125.0:
  version "0.125.0"
  resolved "https://registry.yarnpkg.com/three/-/three-0.125.0.tgz#19e922b9dc51ad0b706893aeee888de68e99850a"
  integrity sha512-qL36qUGsPQ/Ofo/RZdXwHwM7A8wzUSAIyawtjIebJSPvounUQeneSqxI0aBY2iwKpseGy+RUtj3C5f/z4poyXw==
